
Microsoft Visual Studio Solution File, Format Version 12.00
# Visual Studio Version 16
VisualStudioVersion = 16.0.31005.135
MinimumVisualStudioVersion = 10.0.40219.1
Project("{888888A0-9F3D-457C-B088-3A5042F75D52}") = "high_lows", "high_lows.pyproj", "{765E33B0-6DD4-419A-AF10-C29A2D932B48}"
EndProject
Global
	GlobalSection(SolutionConfigurationPlatforms) = preSolution
		Debug|Any CPU = Debug|Any CPU
		Release|Any CPU = Release|Any CPU
	EndGlobalSection
	GlobalSection(ProjectConfigurationPlatforms) = postSolution
		{765E33B0-6DD4-419A-AF10-C29A2D932B48}.Debug|Any CPU.ActiveCfg = Debug|Any CPU
		{765E33B0-6DD4-419A-AF10-C29A2D932B48}.Release|Any CPU.ActiveCfg = Release|Any CPU
	EndGlobalSection
	GlobalSection(SolutionProperties) = preSolution
		HideSolutionNode = FALSE
	EndGlobalSection
	GlobalSection(ExtensibilityGlobals) = postSolution
		SolutionGuid = {3BC5E90A-819E-463F-9647-22294BD7BC3E}
	EndGlobalSection
EndGlobal
