
Microsoft Visual Studio Solution File, Format Version 12.00
# Visual Studio Version 16
VisualStudioVersion = 16.0.31005.135
MinimumVisualStudioVersion = 10.0.40219.1
Project("{888888A0-9F3D-457C-B088-3A5042F75D52}") = "world_population", "world_population.pyproj", "{CD9EC620-2BCD-4881-BF89-59D89F0C0506}"
EndProject
Global
	GlobalSection(SolutionConfigurationPlatforms) = preSolution
		Debug|Any CPU = Debug|Any CPU
		Release|Any CPU = Release|Any CPU
	EndGlobalSection
	GlobalSection(ProjectConfigurationPlatforms) = postSolution
		{CD9EC620-2BCD-4881-BF89-59D89F0C0506}.Debug|Any CPU.ActiveCfg = Debug|Any CPU
		{CD9EC620-2BCD-4881-BF89-59D89F0C0506}.Release|Any CPU.ActiveCfg = Release|Any CPU
	EndGlobalSection
	GlobalSection(SolutionProperties) = preSolution
		HideSolutionNode = FALSE
	EndGlobalSection
	GlobalSection(ExtensibilityGlobals) = postSolution
		SolutionGuid = {B306E000-0F43-4101-B977-870552707975}
	EndGlobalSection
EndGlobal
